
Microsoft Visual Studio Solution File, Format Version 12.00
# Visual Studio 15
VisualStudioVersion = 15.0.28307.421
MinimumVisualStudioVersion = 10.0.40219.1
Project("{FAE04EC0-301F-11D3-BF4B-00C04F79EFBC}") = "Booker", "Booker\Booker.csproj", "{541F8724-239A-43D9-8C54-9DD8A3B51313}"
EndProject
Global
	GlobalSection(SolutionConfigurationPlatforms) = preSolution
		Debug|Any CPU = Debug|Any CPU
		Release|Any CPU = Release|Any CPU
	EndGlobalSection
	GlobalSection(ProjectConfigurationPlatforms) = postSolution
		{541F8724-239A-43D9-8C54-9DD8A3B51313}.Debug|Any CPU.ActiveCfg = Debug|Any CPU
		{541F8724-239A-43D9-8C54-9DD8A3B51313}.Debug|Any CPU.Build.0 = Debug|Any CPU
		{541F8724-239A-43D9-8C54-9DD8A3B51313}.Release|Any CPU.ActiveCfg = Release|Any CPU
		{541F8724-239A-43D9-8C54-9DD8A3B51313}.Release|Any CPU.Build.0 = Release|Any CPU
	EndGlobalSection
	GlobalSection(SolutionProperties) = preSolution
		HideSolutionNode = FALSE
	EndGlobalSection
	GlobalSection(ExtensibilityGlobals) = postSolution
		SolutionGuid = {5DBDD6F8-AEE8-4965-9D70-A6B1E126959E}
	EndGlobalSection
EndGlobal
